{
  "name": "scad-designs",
  "lockfileVersion": 3,
  "requires": true,
  "packages": {
    "": {
      "dependencies": {
        "@jscad/modeling": "^2.12.6"
      }
    },
    "node_modules/@jscad/modeling": {
      "version": "2.12.6",
      "resolved": "https://registry.npmjs.org/@jscad/modeling/-/modeling-2.12.6.tgz",
      "integrity": "sha512-RyT7hrxuq9UHuBmsC8o+KzimQCY6En2IFiSYPDbSlNFKLFdOc3Kyq9NXpt5+RNQhrhLz6uo15XDtnE43EFF3YQ=="
    }
  }
}
