{
  "name": "scad-designs",
  "lockfileVersion": 3,
  "requires": true,
  "packages": {
    "": {
      "dependencies": {
        "@jscad/modeling": "^2.12.6",
        "jscad-now": "../jscad-now"
      }
    },
    "../jscad-now": {
      "version": "1.2.3",
      "license": "MIT",
      "dependencies": {
        "@jscad/regl-renderer": "^2.0.0-alpha.12",
        "@jscad/stl-serializer": "^2.0.0-alpha.11",
        "babelify": "^10.0.0",
        "browserify": "^17.0.1",
        "browserify-css": "^0.15.0",
        "budo": "^11.6.4",
        "esmify": "^2.1.1",
        "most-gestures": "^0.4.1",
        "nanohtml": "^1.9.1",
        "tsify": "^5.0.4"
      },
      "bin": {
        "jscad-now": "bin/cli.js"
      },
      "devDependencies": {
        "@jscad/modeling": "^2.0.0-alpha.10",
        "babel-preset-es2015": "^6.24.1"
      }
    },
    "node_modules/@jscad/modeling": {
      "version": "2.12.6",
      "resolved": "https://registry.npmjs.org/@jscad/modeling/-/modeling-2.12.6.tgz",
      "integrity": "sha512-RyT7hrxuq9UHuBmsC8o+KzimQCY6En2IFiSYPDbSlNFKLFdOc3Kyq9NXpt5+RNQhrhLz6uo15XDtnE43EFF3YQ=="
    },
    "node_modules/jscad-now": {
      "resolved": "../jscad-now",
      "link": true
    }
  }
}
